schema: '2.0'
stages:
  first_procedure:
    cmd: python src/firstprocedure.py
    deps:
    - path: data1/values.csv
      hash: md5
      md5: 67a6b037cab7e9770f107c5ddc87a921
      size: 16
    - path: src/firstprocedure.py
      hash: md5
      md5: 863e9135d6c2855c8b9e2f685a2685ae
      size: 978
    outs:
    - path: data1/first_procedure_output.csv
      hash: md5
      md5: 9c764b1a707ee8e81f3f513854b626e8
      size: 9
  second_procedure:
    cmd: python src/secondprocedure.py
    deps:
    - path: data1/first_procedure_output.csv
      hash: md5
      md5: 9c764b1a707ee8e81f3f513854b626e8
      size: 9
    - path: src/secondprocedure.py
      hash: md5
      md5: 2a138b5f0a81082fb2d60356f1d58a7c
      size: 799
    outs:
    - path: data1/second_procedure_output.csv
      hash: md5
      md5: aea06066a0fd5d9d5e1e28b16482fe64
      size: 18
