schema: '2.0'
stages:
  first_procedure:
    cmd: python src/firstprocedure.py
    deps:
    - path: data1/values.csv
      hash: md5
      md5: 713277d8b768644a60954849264c4a47
      size: 21
    - path: src/firstprocedure.py
      hash: md5
      md5: 6c8600e3310140497ad78ba9fb7bbcc6
      size: 716
    outs:
    - path: data1/first_procedure_output.csv
      hash: md5
      md5: ab893122ad970ca3d9ffee0c79848914
      size: 12
  second_procedure:
    cmd: python src/secondprocedure.py
    deps:
    - path: data1/first_procedure_output.csv
      hash: md5
      md5: ab893122ad970ca3d9ffee0c79848914
      size: 12
    - path: src/secondprocedure.py
      hash: md5
      md5: b3d5a17fc596d2959c2eb623c8dc9b76
      size: 525
    outs:
    - path: data1/second_procedure_output.csv
      hash: md5
      md5: 9a01f37c0360f49410288c389ceafa01
      size: 20
